
Microsoft Visual Studio Solution File, Format Version 12.00
Project("{FAE04EC0-301F-11D3-BF4B-00C04F79EFBC}") = "AnnalynsInfiltration", "AnnalynsInfiltration\AnnalynsInfiltration.csproj", "{96868F78-D72A-4C86-A071-1291D2780064}"
EndProject
Project("{FAE04EC0-301F-11D3-BF4B-00C04F79EFBC}") = "LogLevels", "LogLevels\LogLevels.csproj", "{6933583C-2711-43B4-A7D0-EC7D41EA8905}"
EndProject
Project("{FAE04EC0-301F-11D3-BF4B-00C04F79EFBC}") = "LogAnalysis", "LogAnalysis\LogAnalysis.csproj", "{1C479C9E-C1A6-4B8C-870F-C45E1F9ABF1A}"
EndProject
Project("{FAE04EC0-301F-11D3-BF4B-00C04F79EFBC}") = "PhoneNumberAnalysis", "PhoneNumberAnalysis\PhoneNumberAnalysis.csproj", "{1445311E-1293-4481-96C1-4CCF55028CDC}"
EndProject
Project("{FAE04EC0-301F-11D3-BF4B-00C04F79EFBC}") = "CarsAssemble", "CarsAssemble\CarsAssemble.csproj", "{F46B40ED-ABE8-41D3-B1EC-0368D49FC1B3}"
EndProject
Project("{FAE04EC0-301F-11D3-BF4B-00C04F79EFBC}") = "Leap", "Leap\Leap.csproj", "{79F27A27-44E0-421A-A8F6-CF994D84236C}"
EndProject
Project("{FAE04EC0-301F-11D3-BF4B-00C04F79EFBC}") = "DifferenceOfSquares", "DifferenceOfSquares\DifferenceOfSquares.csproj", "{3D3990C3-06CA-4EDE-92E3-1FF201AA8ECF}"
EndProject
Project("{FAE04EC0-301F-11D3-BF4B-00C04F79EFBC}") = "InterestIsInteresting", "InterestIsInteresting\InterestIsInteresting.csproj", "{C26FB072-6E7D-40AF-91DB-8AA1E76AD72E}"
EndProject
Global
	GlobalSection(SolutionConfigurationPlatforms) = preSolution
		Debug|Any CPU = Debug|Any CPU
		Release|Any CPU = Release|Any CPU
	EndGlobalSection
	GlobalSection(ProjectConfigurationPlatforms) = postSolution
		{96868F78-D72A-4C86-A071-1291D2780064}.Debug|Any CPU.ActiveCfg = Debug|Any CPU
		{96868F78-D72A-4C86-A071-1291D2780064}.Debug|Any CPU.Build.0 = Debug|Any CPU
		{96868F78-D72A-4C86-A071-1291D2780064}.Release|Any CPU.ActiveCfg = Release|Any CPU
		{96868F78-D72A-4C86-A071-1291D2780064}.Release|Any CPU.Build.0 = Release|Any CPU
		{6933583C-2711-43B4-A7D0-EC7D41EA8905}.Debug|Any CPU.ActiveCfg = Debug|Any CPU
		{6933583C-2711-43B4-A7D0-EC7D41EA8905}.Debug|Any CPU.Build.0 = Debug|Any CPU
		{6933583C-2711-43B4-A7D0-EC7D41EA8905}.Release|Any CPU.ActiveCfg = Release|Any CPU
		{6933583C-2711-43B4-A7D0-EC7D41EA8905}.Release|Any CPU.Build.0 = Release|Any CPU
		{1C479C9E-C1A6-4B8C-870F-C45E1F9ABF1A}.Debug|Any CPU.ActiveCfg = Debug|Any CPU
		{1C479C9E-C1A6-4B8C-870F-C45E1F9ABF1A}.Debug|Any CPU.Build.0 = Debug|Any CPU
		{1C479C9E-C1A6-4B8C-870F-C45E1F9ABF1A}.Release|Any CPU.ActiveCfg = Release|Any CPU
		{1C479C9E-C1A6-4B8C-870F-C45E1F9ABF1A}.Release|Any CPU.Build.0 = Release|Any CPU
		{1445311E-1293-4481-96C1-4CCF55028CDC}.Debug|Any CPU.ActiveCfg = Debug|Any CPU
		{1445311E-1293-4481-96C1-4CCF55028CDC}.Debug|Any CPU.Build.0 = Debug|Any CPU
		{1445311E-1293-4481-96C1-4CCF55028CDC}.Release|Any CPU.ActiveCfg = Release|Any CPU
		{1445311E-1293-4481-96C1-4CCF55028CDC}.Release|Any CPU.Build.0 = Release|Any CPU
		{F46B40ED-ABE8-41D3-B1EC-0368D49FC1B3}.Debug|Any CPU.ActiveCfg = Debug|Any CPU
		{F46B40ED-ABE8-41D3-B1EC-0368D49FC1B3}.Debug|Any CPU.Build.0 = Debug|Any CPU
		{F46B40ED-ABE8-41D3-B1EC-0368D49FC1B3}.Release|Any CPU.ActiveCfg = Release|Any CPU
		{F46B40ED-ABE8-41D3-B1EC-0368D49FC1B3}.Release|Any CPU.Build.0 = Release|Any CPU
		{79F27A27-44E0-421A-A8F6-CF994D84236C}.Debug|Any CPU.ActiveCfg = Debug|Any CPU
		{79F27A27-44E0-421A-A8F6-CF994D84236C}.Debug|Any CPU.Build.0 = Debug|Any CPU
		{79F27A27-44E0-421A-A8F6-CF994D84236C}.Release|Any CPU.ActiveCfg = Release|Any CPU
		{79F27A27-44E0-421A-A8F6-CF994D84236C}.Release|Any CPU.Build.0 = Release|Any CPU
		{3D3990C3-06CA-4EDE-92E3-1FF201AA8ECF}.Debug|Any CPU.ActiveCfg = Debug|Any CPU
		{3D3990C3-06CA-4EDE-92E3-1FF201AA8ECF}.Debug|Any CPU.Build.0 = Debug|Any CPU
		{3D3990C3-06CA-4EDE-92E3-1FF201AA8ECF}.Release|Any CPU.ActiveCfg = Release|Any CPU
		{3D3990C3-06CA-4EDE-92E3-1FF201AA8ECF}.Release|Any CPU.Build.0 = Release|Any CPU
		{C26FB072-6E7D-40AF-91DB-8AA1E76AD72E}.Debug|Any CPU.ActiveCfg = Debug|Any CPU
		{C26FB072-6E7D-40AF-91DB-8AA1E76AD72E}.Debug|Any CPU.Build.0 = Debug|Any CPU
		{C26FB072-6E7D-40AF-91DB-8AA1E76AD72E}.Release|Any CPU.ActiveCfg = Release|Any CPU
		{C26FB072-6E7D-40AF-91DB-8AA1E76AD72E}.Release|Any CPU.Build.0 = Release|Any CPU
	EndGlobalSection
EndGlobal
