
Microsoft Visual Studio Solution File, Format Version 12.00
#
Project("{FAE04EC0-301F-11D3-BF4B-00C04F79EFBC}") = "AnnalynsInfiltration", "AnnalynsInfiltration\AnnalynsInfiltration.csproj", "{96868F78-D72A-4C86-A071-1291D2780064}"
EndProject
Project("{FAE04EC0-301F-11D3-BF4B-00C04F79EFBC}") = "LogLevels", "LogLevels\LogLevels.csproj", "{6933583C-2711-43B4-A7D0-EC7D41EA8905}"
EndProject
Project("{FAE04EC0-301F-11D3-BF4B-00C04F79EFBC}") = "LogAnalysis", "LogAnalysis\LogAnalysis.csproj", "{1C479C9E-C1A6-4B8C-870F-C45E1F9ABF1A}"
EndProject
Project("{FAE04EC0-301F-11D3-BF4B-00C04F79EFBC}") = "PhoneNumberAnalysis", "PhoneNumberAnalysis\PhoneNumberAnalysis.csproj", "{1445311E-1293-4481-96C1-4CCF55028CDC}"
EndProject
Project("{FAE04EC0-301F-11D3-BF4B-00C04F79EFBC}") = "CarsAssemble", "CarsAssemble\CarsAssemble.csproj", "{F46B40ED-ABE8-41D3-B1EC-0368D49FC1B3}"
EndProject
Project("{FAE04EC0-301F-11D3-BF4B-00C04F79EFBC}") = "Leap", "Leap\Leap.csproj", "{79F27A27-44E0-421A-A8F6-CF994D84236C}"
EndProject
Project("{FAE04EC0-301F-11D3-BF4B-00C04F79EFBC}") = "DifferenceOfSquares", "DifferenceOfSquares\DifferenceOfSquares.csproj", "{3D3990C3-06CA-4EDE-92E3-1FF201AA8ECF}"
EndProject
Project("{FAE04EC0-301F-11D3-BF4B-00C04F79EFBC}") = "InterestIsInteresting", "InterestIsInteresting\InterestIsInteresting.csproj", "{C26FB072-6E7D-40AF-91DB-8AA1E76AD72E}"
EndProject
Project("{FAE04EC0-301F-11D3-BF4B-00C04F79EFBC}") = "Triangle", "Triangle\Triangle.csproj", "{699D11A5-C1F2-4542-92AC-CADBEBFA038D}"
EndProject
Project("{FAE04EC0-301F-11D3-BF4B-00C04F79EFBC}") = "TimFromMarketing", "TimFromMarketing\TimFromMarketing.csproj", "{710EA5F1-0583-421F-A305-0EA584696111}"
EndProject
Project("{FAE04EC0-301F-11D3-BF4B-00C04F79EFBC}") = "Darts", "Darts\Darts.csproj", "{D07AE297-0600-49C8-BF36-C999646EC6F0}"
EndProject
Project("{FAE04EC0-301F-11D3-BF4B-00C04F79EFBC}") = "RollTheDie", "RollTheDie\RollTheDie.csproj", "{0E515356-F164-4A9C-97E9-B0B516087469}"
EndProject
Project("{FAE04EC0-301F-11D3-BF4B-00C04F79EFBC}") = "ElonsToys", "ElonsToys\ElonsToys.csproj", "{E94366CA-D9D6-4E09-8B16-A892798C1466}"
EndProject
Project("{FAE04EC0-301F-11D3-BF4B-00C04F79EFBC}") = "RomanNumerals", "RomanNumerals\RomanNumerals.csproj", "{7C7BD0E3-BCA9-49A5-82CC-EFE54CDF3424}"
EndProject
Project("{FAE04EC0-301F-11D3-BF4B-00C04F79EFBC}") = "Bob", "Bob\Bob.csproj", "{D715C7DF-940E-42B0-BF13-7F767BD2BB39}"
EndProject
Project("{FAE04EC0-301F-11D3-BF4B-00C04F79EFBC}") = "NeedForSpeed", "NeedForSpeed\NeedForSpeed.csproj", "{E5C10385-25D6-4A28-98C6-021F9A4817B2}"
EndProject
Project("{FAE04EC0-301F-11D3-BF4B-00C04F79EFBC}") = "SpaceAge", "SpaceAge\SpaceAge.csproj", "{437A2BB2-5509-4AC6-95F4-1AED76AF1D8E}"
EndProject
Project("{FAE04EC0-301F-11D3-BF4B-00C04F79EFBC}") = "BirdWatcher", "BirdWatcher\BirdWatcher.csproj", "{78EEAD20-3D76-4110-A5B9-84A1BA08AEB8}"
EndProject
Project("{FAE04EC0-301F-11D3-BF4B-00C04F79EFBC}") = "ReverseString", "ReverseString\ReverseString.csproj", "{EC8C14B4-C46A-4D29-87D5-10E860FCE6D6}"
EndProject
Project("{FAE04EC0-301F-11D3-BF4B-00C04F79EFBC}") = "Anagram", "Anagram\Anagram.csproj", "{651EB700-7646-4E41-B506-6009BFD9ADC5}"
EndProject
Project("{FAE04EC0-301F-11D3-BF4B-00C04F79EFBC}") = "RunLengthEncoding", "RunLengthEncoding\RunLengthEncoding.csproj", "{37374FDD-06E5-4F9D-8DE6-387407EE5BF0}"
EndProject
Project("{FAE04EC0-301F-11D3-BF4B-00C04F79EFBC}") = "BinarySearch", "BinarySearch\BinarySearch.csproj", "{FF9BAD7D-B706-4538-8F11-D64752D35505}"
EndProject
Project("{FAE04EC0-301F-11D3-BF4B-00C04F79EFBC}") = "SumOfMultiples", "SumOfMultiples\SumOfMultiples.csproj", "{669D90E4-D378-4202-A1FF-EC784F65B09B}"
EndProject
Project("{FAE04EC0-301F-11D3-BF4B-00C04F79EFBC}") = "SpiralMatrix", "SpiralMatrix\SpiralMatrix.csproj", "{362841EC-C778-4D00-9BC9-93B2B4E66045}"
EndProject
Project("{FAE04EC0-301F-11D3-BF4B-00C04F79EFBC}") = "SqueakyClean", "SqueakyClean\SqueakyClean.csproj", "{414DAF9D-913D-4FEF-BCC6-2791C7C20615}"
EndProject
Project("{FAE04EC0-301F-11D3-BF4B-00C04F79EFBC}") = "Acronym", "Acronym\Acronym.csproj", "{EC519F3D-564B-4764-AE9A-3C7D46C7C913}"
EndProject
Project("{FAE04EC0-301F-11D3-BF4B-00C04F79EFBC}") = "RotationalCipher", "RotationalCipher\RotationalCipher.csproj", "{46FD9108-72F1-400B-8103-FAA0E88022F7}"
EndProject
Project("{FAE04EC0-301F-11D3-BF4B-00C04F79EFBC}") = "Pangram", "Pangram\Pangram.csproj", "{C4D455FF-4ED5-4C2D-B1C7-12C8C49AADF0}"
EndProject
Project("{FAE04EC0-301F-11D3-BF4B-00C04F79EFBC}") = "Isogram", "Isogram\Isogram.csproj", "{A76F3FCE-BE61-4017-885D-5264B1C8AB1D}"
EndProject
Project("{FAE04EC0-301F-11D3-BF4B-00C04F79EFBC}") = "SaddlePoints", "SaddlePoints\SaddlePoints.csproj", "{03F6642F-3DA7-4C03-B93E-C7540CA36B58}"
EndProject
Project("{FAE04EC0-301F-11D3-BF4B-00C04F79EFBC}") = "DiffieHellman", "DiffieHellman\DiffieHellman.csproj", "{518B43EE-4B83-40FA-902A-74F7DF5795A0}"
EndProject
Project("{FAE04EC0-301F-11D3-BF4B-00C04F79EFBC}") = "BookingUpForBeauty", "BookingUpForBeauty\BookingUpForBeauty.csproj", "{89D7EF90-2B91-4B22-B11F-A99DB55F0679}"
EndProject
Project("{FAE04EC0-301F-11D3-BF4B-00C04F79EFBC}") = "Gigasecond", "Gigasecond\Gigasecond.csproj", "{B3088726-1C59-4D29-B7E8-30B647072033}"
EndProject
Project("{FAE04EC0-301F-11D3-BF4B-00C04F79EFBC}") = "Meetup", "Meetup\Meetup.csproj", "{2C187A57-ECB6-4525-AEF9-76631FE4F857}"
EndProject
Project("{FAE04EC0-301F-11D3-BF4B-00C04F79EFBC}") = "ResistorColor", "ResistorColor\ResistorColor.csproj", "{BCB54476-DC79-4EDB-B62F-2274781F51F1}"
EndProject
Project("{FAE04EC0-301F-11D3-BF4B-00C04F79EFBC}") = "FlattenArray", "FlattenArray\FlattenArray.csproj", "{9D1F24C9-3A30-42CB-95B5-196F699B9A03}"
EndProject
Project("{FAE04EC0-301F-11D3-BF4B-00C04F79EFBC}") = "MatchingBrackets", "MatchingBrackets\MatchingBrackets.csproj", "{73139BB0-FBE8-4E88-A858-57FBE76A2A60}"
EndProject
Project("{FAE04EC0-301F-11D3-BF4B-00C04F79EFBC}") = "WizardsAndWarriors", "WizardsAndWarriors\WizardsAndWarriors.csproj", "{5973A836-D1F7-4E97-8F89-406C7FC9FBB6}"
EndProject
Project("{FAE04EC0-301F-11D3-BF4B-00C04F79EFBC}") = "ResistorColorDuo", "ResistorColorDuo\ResistorColorDuo.csproj", "{4A74DD05-E6D8-421E-BC6D-DA83B5BCE7B2}"
EndProject
Project("{FAE04EC0-301F-11D3-BF4B-00C04F79EFBC}") = "ScrabbleScore", "ScrabbleScore\ScrabbleScore.csproj", "{A45765B9-D323-442A-A1BF-FD901677BCAC}"
EndProject
Project("{FAE04EC0-301F-11D3-BF4B-00C04F79EFBC}") = "PascalsTriangle", "PascalsTriangle\PascalsTriangle.csproj", "{0B2C6CB9-F3AD-480B-8A52-B4E19688D240}"
EndProject
Project("{FAE04EC0-301F-11D3-BF4B-00C04F79EFBC}") = "FootballMatchReports", "FootballMatchReports\FootballMatchReports.csproj", "{D01AA611-5267-4B66-BCF3-6106691E7030}"
EndProject
Project("{FAE04EC0-301F-11D3-BF4B-00C04F79EFBC}") = "Proverb", "Proverb\Proverb.csproj", "{DC8B824C-1ECF-427D-B3AB-B5A5AD4F2E70}"
EndProject
Project("{FAE04EC0-301F-11D3-BF4B-00C04F79EFBC}") = "HelloWorld", "HelloWorld\HelloWorld.csproj", "{4B9898FA-6002-4266-8ED9-06A770F7E10A}"
EndProject
Project("{FAE04EC0-301F-11D3-BF4B-00C04F79EFBC}") = "LuciansLusciousLasagna", "LuciansLusciousLasagna\LuciansLusciousLasagna.csproj", "{5D6D3EA7-2B67-4AA2-9AC3-0F0BEE08D55E}"
EndProject
Project("{FAE04EC0-301F-11D3-BF4B-00C04F79EFBC}") = "LogsLogsLogs", "LogsLogsLogs\LogsLogsLogs.csproj", "{37E9B377-BB25-4B41-A610-DE61E561665D}"
EndProject
Project("{FAE04EC0-301F-11D3-BF4B-00C04F79EFBC}") = "CalculatorConundrum", "CalculatorConundrum\CalculatorConundrum.csproj", "{C939EEDA-2878-446D-96FE-13E26D5CA02B}"
EndProject
Project("{FAE04EC0-301F-11D3-BF4B-00C04F79EFBC}") = "SecureMunchesterUnited", "SecureMunchesterUnited\SecureMunchesterUnited.csproj", "{E2243C9F-FFA2-4F43-956A-72187C3F7224}"
EndProject
Project("{FAE04EC0-301F-11D3-BF4B-00C04F79EFBC}") = "AtbashCipher", "AtbashCipher\AtbashCipher.csproj", "{918FA99A-6746-4AFC-A29C-5EF955789FD3}"
EndProject
Project("{FAE04EC0-301F-11D3-BF4B-00C04F79EFBC}") = "Series", "Series\Series.csproj", "{D2D563CD-4DDA-4D5C-8C50-4D8F2C58185B}"
EndProject
Project("{FAE04EC0-301F-11D3-BF4B-00C04F79EFBC}") = "TracksOnTracksOnTracks", "TracksOnTracksOnTracks\TracksOnTracksOnTracks.csproj", "{D7430A17-74AE-442E-AEC4-2C625EF5A829}"
EndProject
Project("{FAE04EC0-301F-11D3-BF4B-00C04F79EFBC}") = "PalindromeProducts", "PalindromeProducts\PalindromeProducts.csproj", "{D2A57CEB-AE48-4678-B335-CC1D188718E7}"
EndProject
Project("{FAE04EC0-301F-11D3-BF4B-00C04F79EFBC}") = "InternationalCallingConnoisseur", "InternationalCallingConnoisseur\InternationalCallingConnoisseur.csproj", "{B27A8D22-E0B8-472F-BE88-395540AE2B29}"
EndProject
Project("{FAE04EC0-301F-11D3-BF4B-00C04F79EFBC}") = "NthPrime", "NthPrime\NthPrime.csproj", "{D9E6EB3B-3EA1-49A3-8511-DEE82C9E1670}"
EndProject
Project("{FAE04EC0-301F-11D3-BF4B-00C04F79EFBC}") = "AllYourBase", "AllYourBase\AllYourBase.csproj", "{AC08513F-0F05-4219-8297-B56BD46E225C}"
EndProject
Project("{FAE04EC0-301F-11D3-BF4B-00C04F79EFBC}") = "Accumulate", "Accumulate\Accumulate.csproj", "{E8AD0F8A-89E2-4FC9-AAFA-66B1600E7614}"
EndProject
Project("{FAE04EC0-301F-11D3-BF4B-00C04F79EFBC}") = "IsbnVerifier", "IsbnVerifier\IsbnVerifier.csproj", "{BD074F22-B020-4873-B42A-630B75EFE83D}"
EndProject
Project("{FAE04EC0-301F-11D3-BF4B-00C04F79EFBC}") = "BinarySearchTree", "BinarySearchTree\BinarySearchTree.csproj", "{2D12BA56-F999-45A9-96E7-B5F414480511}"
EndProject
Project("{FAE04EC0-301F-11D3-BF4B-00C04F79EFBC}") = "PerfectNumbers", "PerfectNumbers\PerfectNumbers.csproj", "{BAF81842-451F-48EA-B07A-D47EE36064B7}"
EndProject
Project("{FAE04EC0-301F-11D3-BF4B-00C04F79EFBC}") = "ProteinTranslation", "ProteinTranslation\ProteinTranslation.csproj", "{D06D9C22-041C-4DDD-ACCD-1F583F7631C2}"
EndProject
Project("{FAE04EC0-301F-11D3-BF4B-00C04F79EFBC}") = "SquareRoot", "SquareRoot\SquareRoot.csproj", "{C235D1FE-5003-4A43-BB23-40A227F22A53}"
EndProject
Project("{FAE04EC0-301F-11D3-BF4B-00C04F79EFBC}") = "Strain", "Strain\Strain.csproj", "{ACA0EF47-F751-4E11-B1EA-DF89CAB26832}"
EndProject
Project("{FAE04EC0-301F-11D3-BF4B-00C04F79EFBC}") = "PhoneNumber", "PhoneNumber\PhoneNumber.csproj", "{E907A042-2505-4A18-B064-8469FDF1FB0B}"
EndProject
Project("{FAE04EC0-301F-11D3-BF4B-00C04F79EFBC}") = "FaceID2", "FaceID2\FaceID2.csproj", "{F48E0991-D56D-4570-9807-F4E504E629C2}"
EndProject
Project("{FAE04EC0-301F-11D3-BF4B-00C04F79EFBC}") = "GradeSchool", "GradeSchool\GradeSchool.csproj", "{9B771830-EAAC-424D-A522-993193BB3B94}"
EndProject
Project("{FAE04EC0-301F-11D3-BF4B-00C04F79EFBC}") = "DeveloperPrivileges", "DeveloperPrivileges\DeveloperPrivileges.csproj", "{52883689-BA98-4FA3-84CF-08442C1B8D88}"
EndProject
Project("{FAE04EC0-301F-11D3-BF4B-00C04F79EFBC}") = "Clock", "Clock\Clock.csproj", "{5F97C1BB-F848-4016-A9FB-42D24D1924CD}"
EndProject
Project("{FAE04EC0-301F-11D3-BF4B-00C04F79EFBC}") = "CircularBuffer", "CircularBuffer\CircularBuffer.csproj", "{2B193EF2-8793-4822-9E43-E48885D06147}"
EndProject
Project("{FAE04EC0-301F-11D3-BF4B-00C04F79EFBC}") = "WordSearch", "WordSearch\WordSearch.csproj", "{B4B36CC3-CF5B-4AC2-AF50-E80DCBB04C80}"
EndProject
Project("{FAE04EC0-301F-11D3-BF4B-00C04F79EFBC}") = "PythagoreanTriplet", "PythagoreanTriplet\PythagoreanTriplet.csproj", "{58577447-62D4-4DBD-8E40-F16AC5C43956}"
EndProject
Project("{FAE04EC0-301F-11D3-BF4B-00C04F79EFBC}") = "ParallelLetterFrequency", "ParallelLetterFrequency\ParallelLetterFrequency.csproj", "{8937E30C-6167-496E-86F9-18AB8228A487}"
EndProject
Project("{FAE04EC0-301F-11D3-BF4B-00C04F79EFBC}") = "ArmstrongNumbers", "ArmstrongNumbers\ArmstrongNumbers.csproj", "{2C183003-A0D7-4CAE-96F9-F83EEE09AF24}"
EndProject
Project("{FAE04EC0-301F-11D3-BF4B-00C04F79EFBC}") = "Matrix", "Matrix\Matrix.csproj", "{1FEEB269-C593-4996-AB7F-D26BCD5BBFFB}"
EndProject
Global
	GlobalSection(SolutionConfigurationPlatforms) = preSolution
		Debug|Any CPU = Debug|Any CPU
		Release|Any CPU = Release|Any CPU
	EndGlobalSection
	GlobalSection(ProjectConfigurationPlatforms) = postSolution
		{96868F78-D72A-4C86-A071-1291D2780064}.Debug|Any CPU.ActiveCfg = Debug|Any CPU
		{96868F78-D72A-4C86-A071-1291D2780064}.Debug|Any CPU.Build.0 = Debug|Any CPU
		{96868F78-D72A-4C86-A071-1291D2780064}.Release|Any CPU.ActiveCfg = Release|Any CPU
		{96868F78-D72A-4C86-A071-1291D2780064}.Release|Any CPU.Build.0 = Release|Any CPU
		{6933583C-2711-43B4-A7D0-EC7D41EA8905}.Debug|Any CPU.ActiveCfg = Debug|Any CPU
		{6933583C-2711-43B4-A7D0-EC7D41EA8905}.Debug|Any CPU.Build.0 = Debug|Any CPU
		{6933583C-2711-43B4-A7D0-EC7D41EA8905}.Release|Any CPU.ActiveCfg = Release|Any CPU
		{6933583C-2711-43B4-A7D0-EC7D41EA8905}.Release|Any CPU.Build.0 = Release|Any CPU
		{1C479C9E-C1A6-4B8C-870F-C45E1F9ABF1A}.Debug|Any CPU.ActiveCfg = Debug|Any CPU
		{1C479C9E-C1A6-4B8C-870F-C45E1F9ABF1A}.Debug|Any CPU.Build.0 = Debug|Any CPU
		{1C479C9E-C1A6-4B8C-870F-C45E1F9ABF1A}.Release|Any CPU.ActiveCfg = Release|Any CPU
		{1C479C9E-C1A6-4B8C-870F-C45E1F9ABF1A}.Release|Any CPU.Build.0 = Release|Any CPU
		{1445311E-1293-4481-96C1-4CCF55028CDC}.Debug|Any CPU.ActiveCfg = Debug|Any CPU
		{1445311E-1293-4481-96C1-4CCF55028CDC}.Debug|Any CPU.Build.0 = Debug|Any CPU
		{1445311E-1293-4481-96C1-4CCF55028CDC}.Release|Any CPU.ActiveCfg = Release|Any CPU
		{1445311E-1293-4481-96C1-4CCF55028CDC}.Release|Any CPU.Build.0 = Release|Any CPU
		{F46B40ED-ABE8-41D3-B1EC-0368D49FC1B3}.Debug|Any CPU.ActiveCfg = Debug|Any CPU
		{F46B40ED-ABE8-41D3-B1EC-0368D49FC1B3}.Debug|Any CPU.Build.0 = Debug|Any CPU
		{F46B40ED-ABE8-41D3-B1EC-0368D49FC1B3}.Release|Any CPU.ActiveCfg = Release|Any CPU
		{F46B40ED-ABE8-41D3-B1EC-0368D49FC1B3}.Release|Any CPU.Build.0 = Release|Any CPU
		{79F27A27-44E0-421A-A8F6-CF994D84236C}.Debug|Any CPU.ActiveCfg = Debug|Any CPU
		{79F27A27-44E0-421A-A8F6-CF994D84236C}.Debug|Any CPU.Build.0 = Debug|Any CPU
		{79F27A27-44E0-421A-A8F6-CF994D84236C}.Release|Any CPU.ActiveCfg = Release|Any CPU
		{79F27A27-44E0-421A-A8F6-CF994D84236C}.Release|Any CPU.Build.0 = Release|Any CPU
		{3D3990C3-06CA-4EDE-92E3-1FF201AA8ECF}.Debug|Any CPU.ActiveCfg = Debug|Any CPU
		{3D3990C3-06CA-4EDE-92E3-1FF201AA8ECF}.Debug|Any CPU.Build.0 = Debug|Any CPU
		{3D3990C3-06CA-4EDE-92E3-1FF201AA8ECF}.Release|Any CPU.ActiveCfg = Release|Any CPU
		{3D3990C3-06CA-4EDE-92E3-1FF201AA8ECF}.Release|Any CPU.Build.0 = Release|Any CPU
		{C26FB072-6E7D-40AF-91DB-8AA1E76AD72E}.Debug|Any CPU.ActiveCfg = Debug|Any CPU
		{C26FB072-6E7D-40AF-91DB-8AA1E76AD72E}.Debug|Any CPU.Build.0 = Debug|Any CPU
		{C26FB072-6E7D-40AF-91DB-8AA1E76AD72E}.Release|Any CPU.ActiveCfg = Release|Any CPU
		{C26FB072-6E7D-40AF-91DB-8AA1E76AD72E}.Release|Any CPU.Build.0 = Release|Any CPU
		{699D11A5-C1F2-4542-92AC-CADBEBFA038D}.Debug|Any CPU.ActiveCfg = Debug|Any CPU
		{699D11A5-C1F2-4542-92AC-CADBEBFA038D}.Debug|Any CPU.Build.0 = Debug|Any CPU
		{699D11A5-C1F2-4542-92AC-CADBEBFA038D}.Release|Any CPU.ActiveCfg = Release|Any CPU
		{699D11A5-C1F2-4542-92AC-CADBEBFA038D}.Release|Any CPU.Build.0 = Release|Any CPU
		{710EA5F1-0583-421F-A305-0EA584696111}.Debug|Any CPU.ActiveCfg = Debug|Any CPU
		{710EA5F1-0583-421F-A305-0EA584696111}.Debug|Any CPU.Build.0 = Debug|Any CPU
		{710EA5F1-0583-421F-A305-0EA584696111}.Release|Any CPU.ActiveCfg = Release|Any CPU
		{710EA5F1-0583-421F-A305-0EA584696111}.Release|Any CPU.Build.0 = Release|Any CPU
		{D07AE297-0600-49C8-BF36-C999646EC6F0}.Debug|Any CPU.ActiveCfg = Debug|Any CPU
		{D07AE297-0600-49C8-BF36-C999646EC6F0}.Debug|Any CPU.Build.0 = Debug|Any CPU
		{D07AE297-0600-49C8-BF36-C999646EC6F0}.Release|Any CPU.ActiveCfg = Release|Any CPU
		{D07AE297-0600-49C8-BF36-C999646EC6F0}.Release|Any CPU.Build.0 = Release|Any CPU
		{0E515356-F164-4A9C-97E9-B0B516087469}.Debug|Any CPU.ActiveCfg = Debug|Any CPU
		{0E515356-F164-4A9C-97E9-B0B516087469}.Debug|Any CPU.Build.0 = Debug|Any CPU
		{0E515356-F164-4A9C-97E9-B0B516087469}.Release|Any CPU.ActiveCfg = Release|Any CPU
		{0E515356-F164-4A9C-97E9-B0B516087469}.Release|Any CPU.Build.0 = Release|Any CPU
		{E94366CA-D9D6-4E09-8B16-A892798C1466}.Debug|Any CPU.ActiveCfg = Debug|Any CPU
		{E94366CA-D9D6-4E09-8B16-A892798C1466}.Debug|Any CPU.Build.0 = Debug|Any CPU
		{E94366CA-D9D6-4E09-8B16-A892798C1466}.Release|Any CPU.ActiveCfg = Release|Any CPU
		{E94366CA-D9D6-4E09-8B16-A892798C1466}.Release|Any CPU.Build.0 = Release|Any CPU
		{7C7BD0E3-BCA9-49A5-82CC-EFE54CDF3424}.Debug|Any CPU.ActiveCfg = Debug|Any CPU
		{7C7BD0E3-BCA9-49A5-82CC-EFE54CDF3424}.Debug|Any CPU.Build.0 = Debug|Any CPU
		{7C7BD0E3-BCA9-49A5-82CC-EFE54CDF3424}.Release|Any CPU.ActiveCfg = Release|Any CPU
		{7C7BD0E3-BCA9-49A5-82CC-EFE54CDF3424}.Release|Any CPU.Build.0 = Release|Any CPU
		{D715C7DF-940E-42B0-BF13-7F767BD2BB39}.Debug|Any CPU.ActiveCfg = Debug|Any CPU
		{D715C7DF-940E-42B0-BF13-7F767BD2BB39}.Debug|Any CPU.Build.0 = Debug|Any CPU
		{D715C7DF-940E-42B0-BF13-7F767BD2BB39}.Release|Any CPU.ActiveCfg = Release|Any CPU
		{D715C7DF-940E-42B0-BF13-7F767BD2BB39}.Release|Any CPU.Build.0 = Release|Any CPU
		{E5C10385-25D6-4A28-98C6-021F9A4817B2}.Debug|Any CPU.ActiveCfg = Debug|Any CPU
		{E5C10385-25D6-4A28-98C6-021F9A4817B2}.Debug|Any CPU.Build.0 = Debug|Any CPU
		{E5C10385-25D6-4A28-98C6-021F9A4817B2}.Release|Any CPU.ActiveCfg = Release|Any CPU
		{E5C10385-25D6-4A28-98C6-021F9A4817B2}.Release|Any CPU.Build.0 = Release|Any CPU
		{437A2BB2-5509-4AC6-95F4-1AED76AF1D8E}.Debug|Any CPU.ActiveCfg = Debug|Any CPU
		{437A2BB2-5509-4AC6-95F4-1AED76AF1D8E}.Debug|Any CPU.Build.0 = Debug|Any CPU
		{437A2BB2-5509-4AC6-95F4-1AED76AF1D8E}.Release|Any CPU.ActiveCfg = Release|Any CPU
		{437A2BB2-5509-4AC6-95F4-1AED76AF1D8E}.Release|Any CPU.Build.0 = Release|Any CPU
		{78EEAD20-3D76-4110-A5B9-84A1BA08AEB8}.Debug|Any CPU.ActiveCfg = Debug|Any CPU
		{78EEAD20-3D76-4110-A5B9-84A1BA08AEB8}.Debug|Any CPU.Build.0 = Debug|Any CPU
		{78EEAD20-3D76-4110-A5B9-84A1BA08AEB8}.Release|Any CPU.ActiveCfg = Release|Any CPU
		{78EEAD20-3D76-4110-A5B9-84A1BA08AEB8}.Release|Any CPU.Build.0 = Release|Any CPU
		{EC8C14B4-C46A-4D29-87D5-10E860FCE6D6}.Debug|Any CPU.ActiveCfg = Debug|Any CPU
		{EC8C14B4-C46A-4D29-87D5-10E860FCE6D6}.Debug|Any CPU.Build.0 = Debug|Any CPU
		{EC8C14B4-C46A-4D29-87D5-10E860FCE6D6}.Release|Any CPU.ActiveCfg = Release|Any CPU
		{EC8C14B4-C46A-4D29-87D5-10E860FCE6D6}.Release|Any CPU.Build.0 = Release|Any CPU
		{651EB700-7646-4E41-B506-6009BFD9ADC5}.Debug|Any CPU.ActiveCfg = Debug|Any CPU
		{651EB700-7646-4E41-B506-6009BFD9ADC5}.Debug|Any CPU.Build.0 = Debug|Any CPU
		{651EB700-7646-4E41-B506-6009BFD9ADC5}.Release|Any CPU.ActiveCfg = Release|Any CPU
		{651EB700-7646-4E41-B506-6009BFD9ADC5}.Release|Any CPU.Build.0 = Release|Any CPU
		{37374FDD-06E5-4F9D-8DE6-387407EE5BF0}.Debug|Any CPU.ActiveCfg = Debug|Any CPU
		{37374FDD-06E5-4F9D-8DE6-387407EE5BF0}.Debug|Any CPU.Build.0 = Debug|Any CPU
		{37374FDD-06E5-4F9D-8DE6-387407EE5BF0}.Release|Any CPU.ActiveCfg = Release|Any CPU
		{37374FDD-06E5-4F9D-8DE6-387407EE5BF0}.Release|Any CPU.Build.0 = Release|Any CPU
		{FF9BAD7D-B706-4538-8F11-D64752D35505}.Debug|Any CPU.ActiveCfg = Debug|Any CPU
		{FF9BAD7D-B706-4538-8F11-D64752D35505}.Debug|Any CPU.Build.0 = Debug|Any CPU
		{FF9BAD7D-B706-4538-8F11-D64752D35505}.Release|Any CPU.ActiveCfg = Release|Any CPU
		{FF9BAD7D-B706-4538-8F11-D64752D35505}.Release|Any CPU.Build.0 = Release|Any CPU
		{669D90E4-D378-4202-A1FF-EC784F65B09B}.Debug|Any CPU.ActiveCfg = Debug|Any CPU
		{669D90E4-D378-4202-A1FF-EC784F65B09B}.Debug|Any CPU.Build.0 = Debug|Any CPU
		{669D90E4-D378-4202-A1FF-EC784F65B09B}.Release|Any CPU.ActiveCfg = Release|Any CPU
		{669D90E4-D378-4202-A1FF-EC784F65B09B}.Release|Any CPU.Build.0 = Release|Any CPU
		{362841EC-C778-4D00-9BC9-93B2B4E66045}.Debug|Any CPU.ActiveCfg = Debug|Any CPU
		{362841EC-C778-4D00-9BC9-93B2B4E66045}.Debug|Any CPU.Build.0 = Debug|Any CPU
		{362841EC-C778-4D00-9BC9-93B2B4E66045}.Release|Any CPU.ActiveCfg = Release|Any CPU
		{362841EC-C778-4D00-9BC9-93B2B4E66045}.Release|Any CPU.Build.0 = Release|Any CPU
		{414DAF9D-913D-4FEF-BCC6-2791C7C20615}.Debug|Any CPU.ActiveCfg = Debug|Any CPU
		{414DAF9D-913D-4FEF-BCC6-2791C7C20615}.Debug|Any CPU.Build.0 = Debug|Any CPU
		{414DAF9D-913D-4FEF-BCC6-2791C7C20615}.Release|Any CPU.ActiveCfg = Release|Any CPU
		{414DAF9D-913D-4FEF-BCC6-2791C7C20615}.Release|Any CPU.Build.0 = Release|Any CPU
		{EC519F3D-564B-4764-AE9A-3C7D46C7C913}.Debug|Any CPU.ActiveCfg = Debug|Any CPU
		{EC519F3D-564B-4764-AE9A-3C7D46C7C913}.Debug|Any CPU.Build.0 = Debug|Any CPU
		{EC519F3D-564B-4764-AE9A-3C7D46C7C913}.Release|Any CPU.ActiveCfg = Release|Any CPU
		{EC519F3D-564B-4764-AE9A-3C7D46C7C913}.Release|Any CPU.Build.0 = Release|Any CPU
		{46FD9108-72F1-400B-8103-FAA0E88022F7}.Debug|Any CPU.ActiveCfg = Debug|Any CPU
		{46FD9108-72F1-400B-8103-FAA0E88022F7}.Debug|Any CPU.Build.0 = Debug|Any CPU
		{46FD9108-72F1-400B-8103-FAA0E88022F7}.Release|Any CPU.ActiveCfg = Release|Any CPU
		{46FD9108-72F1-400B-8103-FAA0E88022F7}.Release|Any CPU.Build.0 = Release|Any CPU
		{C4D455FF-4ED5-4C2D-B1C7-12C8C49AADF0}.Debug|Any CPU.ActiveCfg = Debug|Any CPU
		{C4D455FF-4ED5-4C2D-B1C7-12C8C49AADF0}.Debug|Any CPU.Build.0 = Debug|Any CPU
		{C4D455FF-4ED5-4C2D-B1C7-12C8C49AADF0}.Release|Any CPU.ActiveCfg = Release|Any CPU
		{C4D455FF-4ED5-4C2D-B1C7-12C8C49AADF0}.Release|Any CPU.Build.0 = Release|Any CPU
		{A76F3FCE-BE61-4017-885D-5264B1C8AB1D}.Debug|Any CPU.ActiveCfg = Debug|Any CPU
		{A76F3FCE-BE61-4017-885D-5264B1C8AB1D}.Debug|Any CPU.Build.0 = Debug|Any CPU
		{A76F3FCE-BE61-4017-885D-5264B1C8AB1D}.Release|Any CPU.ActiveCfg = Release|Any CPU
		{A76F3FCE-BE61-4017-885D-5264B1C8AB1D}.Release|Any CPU.Build.0 = Release|Any CPU
		{03F6642F-3DA7-4C03-B93E-C7540CA36B58}.Debug|Any CPU.ActiveCfg = Debug|Any CPU
		{03F6642F-3DA7-4C03-B93E-C7540CA36B58}.Debug|Any CPU.Build.0 = Debug|Any CPU
		{03F6642F-3DA7-4C03-B93E-C7540CA36B58}.Release|Any CPU.ActiveCfg = Release|Any CPU
		{03F6642F-3DA7-4C03-B93E-C7540CA36B58}.Release|Any CPU.Build.0 = Release|Any CPU
		{518B43EE-4B83-40FA-902A-74F7DF5795A0}.Debug|Any CPU.ActiveCfg = Debug|Any CPU
		{518B43EE-4B83-40FA-902A-74F7DF5795A0}.Debug|Any CPU.Build.0 = Debug|Any CPU
		{518B43EE-4B83-40FA-902A-74F7DF5795A0}.Release|Any CPU.ActiveCfg = Release|Any CPU
		{518B43EE-4B83-40FA-902A-74F7DF5795A0}.Release|Any CPU.Build.0 = Release|Any CPU
		{89D7EF90-2B91-4B22-B11F-A99DB55F0679}.Debug|Any CPU.ActiveCfg = Debug|Any CPU
		{89D7EF90-2B91-4B22-B11F-A99DB55F0679}.Debug|Any CPU.Build.0 = Debug|Any CPU
		{89D7EF90-2B91-4B22-B11F-A99DB55F0679}.Release|Any CPU.ActiveCfg = Release|Any CPU
		{89D7EF90-2B91-4B22-B11F-A99DB55F0679}.Release|Any CPU.Build.0 = Release|Any CPU
		{B3088726-1C59-4D29-B7E8-30B647072033}.Debug|Any CPU.ActiveCfg = Debug|Any CPU
		{B3088726-1C59-4D29-B7E8-30B647072033}.Debug|Any CPU.Build.0 = Debug|Any CPU
		{B3088726-1C59-4D29-B7E8-30B647072033}.Release|Any CPU.ActiveCfg = Release|Any CPU
		{B3088726-1C59-4D29-B7E8-30B647072033}.Release|Any CPU.Build.0 = Release|Any CPU
		{2C187A57-ECB6-4525-AEF9-76631FE4F857}.Debug|Any CPU.ActiveCfg = Debug|Any CPU
		{2C187A57-ECB6-4525-AEF9-76631FE4F857}.Debug|Any CPU.Build.0 = Debug|Any CPU
		{2C187A57-ECB6-4525-AEF9-76631FE4F857}.Release|Any CPU.ActiveCfg = Release|Any CPU
		{2C187A57-ECB6-4525-AEF9-76631FE4F857}.Release|Any CPU.Build.0 = Release|Any CPU
		{BCB54476-DC79-4EDB-B62F-2274781F51F1}.Debug|Any CPU.ActiveCfg = Debug|Any CPU
		{BCB54476-DC79-4EDB-B62F-2274781F51F1}.Debug|Any CPU.Build.0 = Debug|Any CPU
		{BCB54476-DC79-4EDB-B62F-2274781F51F1}.Release|Any CPU.ActiveCfg = Release|Any CPU
		{BCB54476-DC79-4EDB-B62F-2274781F51F1}.Release|Any CPU.Build.0 = Release|Any CPU
		{9D1F24C9-3A30-42CB-95B5-196F699B9A03}.Debug|Any CPU.ActiveCfg = Debug|Any CPU
		{9D1F24C9-3A30-42CB-95B5-196F699B9A03}.Debug|Any CPU.Build.0 = Debug|Any CPU
		{9D1F24C9-3A30-42CB-95B5-196F699B9A03}.Release|Any CPU.ActiveCfg = Release|Any CPU
		{9D1F24C9-3A30-42CB-95B5-196F699B9A03}.Release|Any CPU.Build.0 = Release|Any CPU
		{73139BB0-FBE8-4E88-A858-57FBE76A2A60}.Debug|Any CPU.ActiveCfg = Debug|Any CPU
		{73139BB0-FBE8-4E88-A858-57FBE76A2A60}.Debug|Any CPU.Build.0 = Debug|Any CPU
		{73139BB0-FBE8-4E88-A858-57FBE76A2A60}.Release|Any CPU.ActiveCfg = Release|Any CPU
		{73139BB0-FBE8-4E88-A858-57FBE76A2A60}.Release|Any CPU.Build.0 = Release|Any CPU
		{5973A836-D1F7-4E97-8F89-406C7FC9FBB6}.Debug|Any CPU.ActiveCfg = Debug|Any CPU
		{5973A836-D1F7-4E97-8F89-406C7FC9FBB6}.Debug|Any CPU.Build.0 = Debug|Any CPU
		{5973A836-D1F7-4E97-8F89-406C7FC9FBB6}.Release|Any CPU.ActiveCfg = Release|Any CPU
		{5973A836-D1F7-4E97-8F89-406C7FC9FBB6}.Release|Any CPU.Build.0 = Release|Any CPU
		{4A74DD05-E6D8-421E-BC6D-DA83B5BCE7B2}.Debug|Any CPU.ActiveCfg = Debug|Any CPU
		{4A74DD05-E6D8-421E-BC6D-DA83B5BCE7B2}.Debug|Any CPU.Build.0 = Debug|Any CPU
		{4A74DD05-E6D8-421E-BC6D-DA83B5BCE7B2}.Release|Any CPU.ActiveCfg = Release|Any CPU
		{4A74DD05-E6D8-421E-BC6D-DA83B5BCE7B2}.Release|Any CPU.Build.0 = Release|Any CPU
		{A45765B9-D323-442A-A1BF-FD901677BCAC}.Debug|Any CPU.ActiveCfg = Debug|Any CPU
		{A45765B9-D323-442A-A1BF-FD901677BCAC}.Debug|Any CPU.Build.0 = Debug|Any CPU
		{A45765B9-D323-442A-A1BF-FD901677BCAC}.Release|Any CPU.ActiveCfg = Release|Any CPU
		{A45765B9-D323-442A-A1BF-FD901677BCAC}.Release|Any CPU.Build.0 = Release|Any CPU
		{0B2C6CB9-F3AD-480B-8A52-B4E19688D240}.Debug|Any CPU.ActiveCfg = Debug|Any CPU
		{0B2C6CB9-F3AD-480B-8A52-B4E19688D240}.Debug|Any CPU.Build.0 = Debug|Any CPU
		{0B2C6CB9-F3AD-480B-8A52-B4E19688D240}.Release|Any CPU.ActiveCfg = Release|Any CPU
		{0B2C6CB9-F3AD-480B-8A52-B4E19688D240}.Release|Any CPU.Build.0 = Release|Any CPU
		{D01AA611-5267-4B66-BCF3-6106691E7030}.Debug|Any CPU.ActiveCfg = Debug|Any CPU
		{D01AA611-5267-4B66-BCF3-6106691E7030}.Debug|Any CPU.Build.0 = Debug|Any CPU
		{D01AA611-5267-4B66-BCF3-6106691E7030}.Release|Any CPU.ActiveCfg = Release|Any CPU
		{D01AA611-5267-4B66-BCF3-6106691E7030}.Release|Any CPU.Build.0 = Release|Any CPU
		{DC8B824C-1ECF-427D-B3AB-B5A5AD4F2E70}.Debug|Any CPU.ActiveCfg = Debug|Any CPU
		{DC8B824C-1ECF-427D-B3AB-B5A5AD4F2E70}.Debug|Any CPU.Build.0 = Debug|Any CPU
		{DC8B824C-1ECF-427D-B3AB-B5A5AD4F2E70}.Release|Any CPU.ActiveCfg = Release|Any CPU
		{DC8B824C-1ECF-427D-B3AB-B5A5AD4F2E70}.Release|Any CPU.Build.0 = Release|Any CPU
		{4B9898FA-6002-4266-8ED9-06A770F7E10A}.Debug|Any CPU.ActiveCfg = Debug|Any CPU
		{4B9898FA-6002-4266-8ED9-06A770F7E10A}.Debug|Any CPU.Build.0 = Debug|Any CPU
		{4B9898FA-6002-4266-8ED9-06A770F7E10A}.Release|Any CPU.ActiveCfg = Release|Any CPU
		{4B9898FA-6002-4266-8ED9-06A770F7E10A}.Release|Any CPU.Build.0 = Release|Any CPU
		{5D6D3EA7-2B67-4AA2-9AC3-0F0BEE08D55E}.Debug|Any CPU.ActiveCfg = Debug|Any CPU
		{5D6D3EA7-2B67-4AA2-9AC3-0F0BEE08D55E}.Debug|Any CPU.Build.0 = Debug|Any CPU
		{5D6D3EA7-2B67-4AA2-9AC3-0F0BEE08D55E}.Release|Any CPU.ActiveCfg = Release|Any CPU
		{5D6D3EA7-2B67-4AA2-9AC3-0F0BEE08D55E}.Release|Any CPU.Build.0 = Release|Any CPU
		{37E9B377-BB25-4B41-A610-DE61E561665D}.Debug|Any CPU.ActiveCfg = Debug|Any CPU
		{37E9B377-BB25-4B41-A610-DE61E561665D}.Debug|Any CPU.Build.0 = Debug|Any CPU
		{37E9B377-BB25-4B41-A610-DE61E561665D}.Release|Any CPU.ActiveCfg = Release|Any CPU
		{37E9B377-BB25-4B41-A610-DE61E561665D}.Release|Any CPU.Build.0 = Release|Any CPU
		{C939EEDA-2878-446D-96FE-13E26D5CA02B}.Debug|Any CPU.ActiveCfg = Debug|Any CPU
		{C939EEDA-2878-446D-96FE-13E26D5CA02B}.Debug|Any CPU.Build.0 = Debug|Any CPU
		{C939EEDA-2878-446D-96FE-13E26D5CA02B}.Release|Any CPU.ActiveCfg = Release|Any CPU
		{C939EEDA-2878-446D-96FE-13E26D5CA02B}.Release|Any CPU.Build.0 = Release|Any CPU
		{E2243C9F-FFA2-4F43-956A-72187C3F7224}.Debug|Any CPU.ActiveCfg = Debug|Any CPU
		{E2243C9F-FFA2-4F43-956A-72187C3F7224}.Debug|Any CPU.Build.0 = Debug|Any CPU
		{E2243C9F-FFA2-4F43-956A-72187C3F7224}.Release|Any CPU.ActiveCfg = Release|Any CPU
		{E2243C9F-FFA2-4F43-956A-72187C3F7224}.Release|Any CPU.Build.0 = Release|Any CPU
		{918FA99A-6746-4AFC-A29C-5EF955789FD3}.Debug|Any CPU.ActiveCfg = Debug|Any CPU
		{918FA99A-6746-4AFC-A29C-5EF955789FD3}.Debug|Any CPU.Build.0 = Debug|Any CPU
		{918FA99A-6746-4AFC-A29C-5EF955789FD3}.Release|Any CPU.ActiveCfg = Release|Any CPU
		{918FA99A-6746-4AFC-A29C-5EF955789FD3}.Release|Any CPU.Build.0 = Release|Any CPU
		{D2D563CD-4DDA-4D5C-8C50-4D8F2C58185B}.Debug|Any CPU.ActiveCfg = Debug|Any CPU
		{D2D563CD-4DDA-4D5C-8C50-4D8F2C58185B}.Debug|Any CPU.Build.0 = Debug|Any CPU
		{D2D563CD-4DDA-4D5C-8C50-4D8F2C58185B}.Release|Any CPU.ActiveCfg = Release|Any CPU
		{D2D563CD-4DDA-4D5C-8C50-4D8F2C58185B}.Release|Any CPU.Build.0 = Release|Any CPU
		{D7430A17-74AE-442E-AEC4-2C625EF5A829}.Debug|Any CPU.ActiveCfg = Debug|Any CPU
		{D7430A17-74AE-442E-AEC4-2C625EF5A829}.Debug|Any CPU.Build.0 = Debug|Any CPU
		{D7430A17-74AE-442E-AEC4-2C625EF5A829}.Release|Any CPU.ActiveCfg = Release|Any CPU
		{D7430A17-74AE-442E-AEC4-2C625EF5A829}.Release|Any CPU.Build.0 = Release|Any CPU
		{D2A57CEB-AE48-4678-B335-CC1D188718E7}.Debug|Any CPU.ActiveCfg = Debug|Any CPU
		{D2A57CEB-AE48-4678-B335-CC1D188718E7}.Debug|Any CPU.Build.0 = Debug|Any CPU
		{D2A57CEB-AE48-4678-B335-CC1D188718E7}.Release|Any CPU.ActiveCfg = Release|Any CPU
		{D2A57CEB-AE48-4678-B335-CC1D188718E7}.Release|Any CPU.Build.0 = Release|Any CPU
		{B27A8D22-E0B8-472F-BE88-395540AE2B29}.Debug|Any CPU.ActiveCfg = Debug|Any CPU
		{B27A8D22-E0B8-472F-BE88-395540AE2B29}.Debug|Any CPU.Build.0 = Debug|Any CPU
		{B27A8D22-E0B8-472F-BE88-395540AE2B29}.Release|Any CPU.ActiveCfg = Release|Any CPU
		{B27A8D22-E0B8-472F-BE88-395540AE2B29}.Release|Any CPU.Build.0 = Release|Any CPU
		{D9E6EB3B-3EA1-49A3-8511-DEE82C9E1670}.Debug|Any CPU.ActiveCfg = Debug|Any CPU
		{D9E6EB3B-3EA1-49A3-8511-DEE82C9E1670}.Debug|Any CPU.Build.0 = Debug|Any CPU
		{D9E6EB3B-3EA1-49A3-8511-DEE82C9E1670}.Release|Any CPU.ActiveCfg = Release|Any CPU
		{D9E6EB3B-3EA1-49A3-8511-DEE82C9E1670}.Release|Any CPU.Build.0 = Release|Any CPU
		{AC08513F-0F05-4219-8297-B56BD46E225C}.Debug|Any CPU.ActiveCfg = Debug|Any CPU
		{AC08513F-0F05-4219-8297-B56BD46E225C}.Debug|Any CPU.Build.0 = Debug|Any CPU
		{AC08513F-0F05-4219-8297-B56BD46E225C}.Release|Any CPU.ActiveCfg = Release|Any CPU
		{AC08513F-0F05-4219-8297-B56BD46E225C}.Release|Any CPU.Build.0 = Release|Any CPU
		{E8AD0F8A-89E2-4FC9-AAFA-66B1600E7614}.Debug|Any CPU.ActiveCfg = Debug|Any CPU
		{E8AD0F8A-89E2-4FC9-AAFA-66B1600E7614}.Debug|Any CPU.Build.0 = Debug|Any CPU
		{E8AD0F8A-89E2-4FC9-AAFA-66B1600E7614}.Release|Any CPU.ActiveCfg = Release|Any CPU
		{E8AD0F8A-89E2-4FC9-AAFA-66B1600E7614}.Release|Any CPU.Build.0 = Release|Any CPU
		{BD074F22-B020-4873-B42A-630B75EFE83D}.Debug|Any CPU.ActiveCfg = Debug|Any CPU
		{BD074F22-B020-4873-B42A-630B75EFE83D}.Debug|Any CPU.Build.0 = Debug|Any CPU
		{BD074F22-B020-4873-B42A-630B75EFE83D}.Release|Any CPU.ActiveCfg = Release|Any CPU
		{BD074F22-B020-4873-B42A-630B75EFE83D}.Release|Any CPU.Build.0 = Release|Any CPU
		{2D12BA56-F999-45A9-96E7-B5F414480511}.Debug|Any CPU.ActiveCfg = Debug|Any CPU
		{2D12BA56-F999-45A9-96E7-B5F414480511}.Debug|Any CPU.Build.0 = Debug|Any CPU
		{2D12BA56-F999-45A9-96E7-B5F414480511}.Release|Any CPU.ActiveCfg = Release|Any CPU
		{2D12BA56-F999-45A9-96E7-B5F414480511}.Release|Any CPU.Build.0 = Release|Any CPU
		{BAF81842-451F-48EA-B07A-D47EE36064B7}.Debug|Any CPU.ActiveCfg = Debug|Any CPU
		{BAF81842-451F-48EA-B07A-D47EE36064B7}.Debug|Any CPU.Build.0 = Debug|Any CPU
		{BAF81842-451F-48EA-B07A-D47EE36064B7}.Release|Any CPU.ActiveCfg = Release|Any CPU
		{BAF81842-451F-48EA-B07A-D47EE36064B7}.Release|Any CPU.Build.0 = Release|Any CPU
		{D06D9C22-041C-4DDD-ACCD-1F583F7631C2}.Debug|Any CPU.ActiveCfg = Debug|Any CPU
		{D06D9C22-041C-4DDD-ACCD-1F583F7631C2}.Debug|Any CPU.Build.0 = Debug|Any CPU
		{D06D9C22-041C-4DDD-ACCD-1F583F7631C2}.Release|Any CPU.ActiveCfg = Release|Any CPU
		{D06D9C22-041C-4DDD-ACCD-1F583F7631C2}.Release|Any CPU.Build.0 = Release|Any CPU
		{C235D1FE-5003-4A43-BB23-40A227F22A53}.Debug|Any CPU.ActiveCfg = Debug|Any CPU
		{C235D1FE-5003-4A43-BB23-40A227F22A53}.Debug|Any CPU.Build.0 = Debug|Any CPU
		{C235D1FE-5003-4A43-BB23-40A227F22A53}.Release|Any CPU.ActiveCfg = Release|Any CPU
		{C235D1FE-5003-4A43-BB23-40A227F22A53}.Release|Any CPU.Build.0 = Release|Any CPU
		{ACA0EF47-F751-4E11-B1EA-DF89CAB26832}.Debug|Any CPU.ActiveCfg = Debug|Any CPU
		{ACA0EF47-F751-4E11-B1EA-DF89CAB26832}.Debug|Any CPU.Build.0 = Debug|Any CPU
		{ACA0EF47-F751-4E11-B1EA-DF89CAB26832}.Release|Any CPU.ActiveCfg = Release|Any CPU
		{ACA0EF47-F751-4E11-B1EA-DF89CAB26832}.Release|Any CPU.Build.0 = Release|Any CPU
		{E907A042-2505-4A18-B064-8469FDF1FB0B}.Debug|Any CPU.ActiveCfg = Debug|Any CPU
		{E907A042-2505-4A18-B064-8469FDF1FB0B}.Debug|Any CPU.Build.0 = Debug|Any CPU
		{E907A042-2505-4A18-B064-8469FDF1FB0B}.Release|Any CPU.ActiveCfg = Release|Any CPU
		{E907A042-2505-4A18-B064-8469FDF1FB0B}.Release|Any CPU.Build.0 = Release|Any CPU
		{F48E0991-D56D-4570-9807-F4E504E629C2}.Debug|Any CPU.ActiveCfg = Debug|Any CPU
		{F48E0991-D56D-4570-9807-F4E504E629C2}.Debug|Any CPU.Build.0 = Debug|Any CPU
		{F48E0991-D56D-4570-9807-F4E504E629C2}.Release|Any CPU.ActiveCfg = Release|Any CPU
		{F48E0991-D56D-4570-9807-F4E504E629C2}.Release|Any CPU.Build.0 = Release|Any CPU
		{9B771830-EAAC-424D-A522-993193BB3B94}.Debug|Any CPU.ActiveCfg = Debug|Any CPU
		{9B771830-EAAC-424D-A522-993193BB3B94}.Debug|Any CPU.Build.0 = Debug|Any CPU
		{9B771830-EAAC-424D-A522-993193BB3B94}.Release|Any CPU.ActiveCfg = Release|Any CPU
		{9B771830-EAAC-424D-A522-993193BB3B94}.Release|Any CPU.Build.0 = Release|Any CPU
		{52883689-BA98-4FA3-84CF-08442C1B8D88}.Debug|Any CPU.ActiveCfg = Debug|Any CPU
		{52883689-BA98-4FA3-84CF-08442C1B8D88}.Debug|Any CPU.Build.0 = Debug|Any CPU
		{52883689-BA98-4FA3-84CF-08442C1B8D88}.Release|Any CPU.ActiveCfg = Release|Any CPU
		{52883689-BA98-4FA3-84CF-08442C1B8D88}.Release|Any CPU.Build.0 = Release|Any CPU
		{5F97C1BB-F848-4016-A9FB-42D24D1924CD}.Debug|Any CPU.ActiveCfg = Debug|Any CPU
		{5F97C1BB-F848-4016-A9FB-42D24D1924CD}.Debug|Any CPU.Build.0 = Debug|Any CPU
		{5F97C1BB-F848-4016-A9FB-42D24D1924CD}.Release|Any CPU.ActiveCfg = Release|Any CPU
		{5F97C1BB-F848-4016-A9FB-42D24D1924CD}.Release|Any CPU.Build.0 = Release|Any CPU
		{2B193EF2-8793-4822-9E43-E48885D06147}.Debug|Any CPU.ActiveCfg = Debug|Any CPU
		{2B193EF2-8793-4822-9E43-E48885D06147}.Debug|Any CPU.Build.0 = Debug|Any CPU
		{2B193EF2-8793-4822-9E43-E48885D06147}.Release|Any CPU.ActiveCfg = Release|Any CPU
		{2B193EF2-8793-4822-9E43-E48885D06147}.Release|Any CPU.Build.0 = Release|Any CPU
		{B4B36CC3-CF5B-4AC2-AF50-E80DCBB04C80}.Debug|Any CPU.ActiveCfg = Debug|Any CPU
		{B4B36CC3-CF5B-4AC2-AF50-E80DCBB04C80}.Debug|Any CPU.Build.0 = Debug|Any CPU
		{B4B36CC3-CF5B-4AC2-AF50-E80DCBB04C80}.Release|Any CPU.ActiveCfg = Release|Any CPU
		{B4B36CC3-CF5B-4AC2-AF50-E80DCBB04C80}.Release|Any CPU.Build.0 = Release|Any CPU
		{58577447-62D4-4DBD-8E40-F16AC5C43956}.Debug|Any CPU.ActiveCfg = Debug|Any CPU
		{58577447-62D4-4DBD-8E40-F16AC5C43956}.Debug|Any CPU.Build.0 = Debug|Any CPU
		{58577447-62D4-4DBD-8E40-F16AC5C43956}.Release|Any CPU.ActiveCfg = Release|Any CPU
		{58577447-62D4-4DBD-8E40-F16AC5C43956}.Release|Any CPU.Build.0 = Release|Any CPU
		{8937E30C-6167-496E-86F9-18AB8228A487}.Debug|Any CPU.ActiveCfg = Debug|Any CPU
		{8937E30C-6167-496E-86F9-18AB8228A487}.Debug|Any CPU.Build.0 = Debug|Any CPU
		{8937E30C-6167-496E-86F9-18AB8228A487}.Release|Any CPU.ActiveCfg = Release|Any CPU
		{8937E30C-6167-496E-86F9-18AB8228A487}.Release|Any CPU.Build.0 = Release|Any CPU
		{2C183003-A0D7-4CAE-96F9-F83EEE09AF24}.Debug|Any CPU.ActiveCfg = Debug|Any CPU
		{2C183003-A0D7-4CAE-96F9-F83EEE09AF24}.Debug|Any CPU.Build.0 = Debug|Any CPU
		{2C183003-A0D7-4CAE-96F9-F83EEE09AF24}.Release|Any CPU.ActiveCfg = Release|Any CPU
		{2C183003-A0D7-4CAE-96F9-F83EEE09AF24}.Release|Any CPU.Build.0 = Release|Any CPU
		{1FEEB269-C593-4996-AB7F-D26BCD5BBFFB}.Debug|Any CPU.ActiveCfg = Debug|Any CPU
		{1FEEB269-C593-4996-AB7F-D26BCD5BBFFB}.Debug|Any CPU.Build.0 = Debug|Any CPU
		{1FEEB269-C593-4996-AB7F-D26BCD5BBFFB}.Release|Any CPU.ActiveCfg = Release|Any CPU
		{1FEEB269-C593-4996-AB7F-D26BCD5BBFFB}.Release|Any CPU.Build.0 = Release|Any CPU
	EndGlobalSection
EndGlobal
