
Microsoft Visual Studio Solution File, Format Version 12.00
Project("{FAE04EC0-301F-11D3-BF4B-00C04F79EFBC}") = "AnnalynsInfiltration", "AnnalynsInfiltration\AnnalynsInfiltration.csproj", "{96868F78-D72A-4C86-A071-1291D2780064}"
EndProject
Global
	GlobalSection(SolutionConfigurationPlatforms) = preSolution
		Debug|Any CPU = Debug|Any CPU
		Release|Any CPU = Release|Any CPU
	EndGlobalSection
	GlobalSection(ProjectConfigurationPlatforms) = postSolution
		{96868F78-D72A-4C86-A071-1291D2780064}.Debug|Any CPU.ActiveCfg = Debug|Any CPU
		{96868F78-D72A-4C86-A071-1291D2780064}.Debug|Any CPU.Build.0 = Debug|Any CPU
		{96868F78-D72A-4C86-A071-1291D2780064}.Release|Any CPU.ActiveCfg = Release|Any CPU
		{96868F78-D72A-4C86-A071-1291D2780064}.Release|Any CPU.Build.0 = Release|Any CPU
	EndGlobalSection
EndGlobal
